
Microsoft Visual Studio Solution File, Format Version 12.00
# Visual Studio 14
VisualStudioVersion = 14.0.25420.1
MinimumVisualStudioVersion = 10.0.40219.1
Project("{FAE04EC0-301F-11D3-BF4B-00C04F79EFBC}") = "View", "View\View.csproj", "{959BCE5D-BED9-4B8E-9B21-4D766F19C97B}"
EndProject
Project("{FAE04EC0-301F-11D3-BF4B-00C04F79EFBC}") = "ViewModel", "ViewModel\ViewModel.csproj", "{B5BF89FF-D16C-4FB5-8EE6-4A985EDF4408}"
EndProject
Project("{FAE04EC0-301F-11D3-BF4B-00C04F79EFBC}") = "Model", "Model\Model.csproj", "{F12EEE2C-393E-4DC1-8F73-6A78F2680C53}"
EndProject
Global
	GlobalSection(SolutionConfigurationPlatforms) = preSolution
		Debug|Any CPU = Debug|Any CPU
		Release|Any CPU = Release|Any CPU
	EndGlobalSection
	GlobalSection(ProjectConfigurationPlatforms) = postSolution
		{959BCE5D-BED9-4B8E-9B21-4D766F19C97B}.Debug|Any CPU.ActiveCfg = Debug|Any CPU
		{959BCE5D-BED9-4B8E-9B21-4D766F19C97B}.Debug|Any CPU.Build.0 = Debug|Any CPU
		{959BCE5D-BED9-4B8E-9B21-4D766F19C97B}.Release|Any CPU.ActiveCfg = Release|Any CPU
		{959BCE5D-BED9-4B8E-9B21-4D766F19C97B}.Release|Any CPU.Build.0 = Release|Any CPU
		{B5BF89FF-D16C-4FB5-8EE6-4A985EDF4408}.Debug|Any CPU.ActiveCfg = Debug|Any CPU
		{B5BF89FF-D16C-4FB5-8EE6-4A985EDF4408}.Debug|Any CPU.Build.0 = Debug|Any CPU
		{B5BF89FF-D16C-4FB5-8EE6-4A985EDF4408}.Release|Any CPU.ActiveCfg = Release|Any CPU
		{B5BF89FF-D16C-4FB5-8EE6-4A985EDF4408}.Release|Any CPU.Build.0 = Release|Any CPU
		{F12EEE2C-393E-4DC1-8F73-6A78F2680C53}.Debug|Any CPU.ActiveCfg = Debug|Any CPU
		{F12EEE2C-393E-4DC1-8F73-6A78F2680C53}.Debug|Any CPU.Build.0 = Debug|Any CPU
		{F12EEE2C-393E-4DC1-8F73-6A78F2680C53}.Release|Any CPU.ActiveCfg = Release|Any CPU
		{F12EEE2C-393E-4DC1-8F73-6A78F2680C53}.Release|Any CPU.Build.0 = Release|Any CPU
	EndGlobalSection
	GlobalSection(SolutionProperties) = preSolution
		HideSolutionNode = FALSE
	EndGlobalSection
EndGlobal
